
Microsoft Visual Studio Solution File, Format Version 12.00
Project("{FAE04EC0-301F-11D3-BF4B-00C04F79EFBC}") = "Application", "Application\Application.csproj", "{0E0944C8-A705-4FF4-BBA7-3757E375B19E}"
EndProject
Project("{FAE04EC0-301F-11D3-BF4B-00C04F79EFBC}") = "Domain", "Domain\Domain.csproj", "{03EE4FD0-8C34-4E7B-82A8-3653F31D160A}"
EndProject
Project("{FAE04EC0-301F-11D3-BF4B-00C04F79EFBC}") = "WebAPI", "WebAPI\WebAPI.csproj", "{DD5CB28B-FE9D-4784-8B91-65BF2C014700}"
EndProject
Global
	GlobalSection(SolutionConfigurationPlatforms) = preSolution
		Debug|Any CPU = Debug|Any CPU
		Release|Any CPU = Release|Any CPU
	EndGlobalSection
	GlobalSection(ProjectConfigurationPlatforms) = postSolution
		{0E0944C8-A705-4FF4-BBA7-3757E375B19E}.Debug|Any CPU.ActiveCfg = Debug|Any CPU
		{0E0944C8-A705-4FF4-BBA7-3757E375B19E}.Debug|Any CPU.Build.0 = Debug|Any CPU
		{0E0944C8-A705-4FF4-BBA7-3757E375B19E}.Release|Any CPU.ActiveCfg = Release|Any CPU
		{0E0944C8-A705-4FF4-BBA7-3757E375B19E}.Release|Any CPU.Build.0 = Release|Any CPU
		{03EE4FD0-8C34-4E7B-82A8-3653F31D160A}.Debug|Any CPU.ActiveCfg = Debug|Any CPU
		{03EE4FD0-8C34-4E7B-82A8-3653F31D160A}.Debug|Any CPU.Build.0 = Debug|Any CPU
		{03EE4FD0-8C34-4E7B-82A8-3653F31D160A}.Release|Any CPU.ActiveCfg = Release|Any CPU
		{03EE4FD0-8C34-4E7B-82A8-3653F31D160A}.Release|Any CPU.Build.0 = Release|Any CPU
		{DD5CB28B-FE9D-4784-8B91-65BF2C014700}.Debug|Any CPU.ActiveCfg = Debug|Any CPU
		{DD5CB28B-FE9D-4784-8B91-65BF2C014700}.Debug|Any CPU.Build.0 = Debug|Any CPU
		{DD5CB28B-FE9D-4784-8B91-65BF2C014700}.Release|Any CPU.ActiveCfg = Release|Any CPU
		{DD5CB28B-FE9D-4784-8B91-65BF2C014700}.Release|Any CPU.Build.0 = Release|Any CPU
	EndGlobalSection
EndGlobal
